
Microsoft Visual Studio Solution File, Format Version 11.00
# Visual Studio 2010
Project("{FAE04EC0-301F-11D3-BF4B-00C04F79EFBC}") = "Assembly-CSharp", "Assembly-CSharp.csproj", "{01A2962C-44F6-F3BD-B1F9-CFCE68C681BC}"
EndProject
Project("{FAE04EC0-301F-11D3-BF4B-00C04F79EFBC}") = "Assembly-CSharp-firstpass", "Assembly-CSharp-firstpass.csproj", "{87DB3C79-846E-2F6A-4548-FF8583A7B5E8}"
EndProject
Project("{FAE04EC0-301F-11D3-BF4B-00C04F79EFBC}") = "Assembly-CSharp-Editor-firstpass", "Assembly-CSharp-Editor-firstpass.csproj", "{DAC858C8-344A-1FBF-F64F-DEF1790FA9B0}"
EndProject
Project("{FAE04EC0-301F-11D3-BF4B-00C04F79EFBC}") = "Assembly-CSharp-Editor", "Assembly-CSharp-Editor.csproj", "{1C045060-8EB6-6ED8-AE33-6A9BAFC31A4F}"
EndProject
Global
	GlobalSection(SolutionConfigurationPlatforms) = preSolution
		Debug|Any CPU = Debug|Any CPU
		Release|Any CPU = Release|Any CPU
	EndGlobalSection
	GlobalSection(ProjectConfigurationPlatforms) = postSolution
		{01A2962C-44F6-F3BD-B1F9-CFCE68C681BC}.Debug|Any CPU.ActiveCfg = Debug|Any CPU
		{01A2962C-44F6-F3BD-B1F9-CFCE68C681BC}.Debug|Any CPU.Build.0 = Debug|Any CPU
		{01A2962C-44F6-F3BD-B1F9-CFCE68C681BC}.Release|Any CPU.ActiveCfg = Release|Any CPU
		{01A2962C-44F6-F3BD-B1F9-CFCE68C681BC}.Release|Any CPU.Build.0 = Release|Any CPU
		{87DB3C79-846E-2F6A-4548-FF8583A7B5E8}.Debug|Any CPU.ActiveCfg = Debug|Any CPU
		{87DB3C79-846E-2F6A-4548-FF8583A7B5E8}.Debug|Any CPU.Build.0 = Debug|Any CPU
		{87DB3C79-846E-2F6A-4548-FF8583A7B5E8}.Release|Any CPU.ActiveCfg = Release|Any CPU
		{87DB3C79-846E-2F6A-4548-FF8583A7B5E8}.Release|Any CPU.Build.0 = Release|Any CPU
		{DAC858C8-344A-1FBF-F64F-DEF1790FA9B0}.Debug|Any CPU.ActiveCfg = Debug|Any CPU
		{DAC858C8-344A-1FBF-F64F-DEF1790FA9B0}.Debug|Any CPU.Build.0 = Debug|Any CPU
		{DAC858C8-344A-1FBF-F64F-DEF1790FA9B0}.Release|Any CPU.ActiveCfg = Release|Any CPU
		{DAC858C8-344A-1FBF-F64F-DEF1790FA9B0}.Release|Any CPU.Build.0 = Release|Any CPU
		{1C045060-8EB6-6ED8-AE33-6A9BAFC31A4F}.Debug|Any CPU.ActiveCfg = Debug|Any CPU
		{1C045060-8EB6-6ED8-AE33-6A9BAFC31A4F}.Debug|Any CPU.Build.0 = Debug|Any CPU
		{1C045060-8EB6-6ED8-AE33-6A9BAFC31A4F}.Release|Any CPU.ActiveCfg = Release|Any CPU
		{1C045060-8EB6-6ED8-AE33-6A9BAFC31A4F}.Release|Any CPU.Build.0 = Release|Any CPU
	EndGlobalSection
	GlobalSection(SolutionProperties) = preSolution
		HideSolutionNode = FALSE
	EndGlobalSection
	GlobalSection(MonoDevelopProperties) = preSolution
		StartupItem = Assembly-CSharp.csproj
	EndGlobalSection
EndGlobal
